// !$*UTF8*$!
{
	archiveVersion = 1;
	classes = {
	};
	objectVersion = 46;
	objects = {

/* Begin PBXBuildFile section */
		49BB61B91C69358100074703 /* AppDelegate.swift in Sources */ = {isa = PBXBuildFile; fileRef = 49BB61B81C69358100074703 /* AppDelegate.swift */; };
		49BB61BB1C69358100074703 /* ViewController.swift in Sources */ = {isa = PBXBuildFile; fileRef = 49BB61BA1C69358100074703 /* ViewController.swift */; };
		49BB61BD1C69358100074703 /* Assets.xcassets in Resources */ = {isa = PBXBuildFile; fileRef = 49BB61BC1C69358100074703 /* Assets.xcassets */; };
		49BB61C01C69358100074703 /* Main.storyboard in Resources */ = {isa = PBXBuildFile; fileRef = 49BB61BE1C69358100074703 /* Main.storyboard */; };
		49BB61CC1C69372600074703 /* CustomCellView.xib in Resources */ = {isa = PBXBuildFile; fileRef = 49BB61CB1C69372600074703 /* CustomCellView.xib */; };
		49BB61CE1C6938C900074703 /* CustomCellView.swift in Sources */ = {isa = PBXBuildFile; fileRef = 49BB61CD1C6938C900074703 /* CustomCellView.swift */; };
		49BB61D01C693C6D00074703 /* README.md in Sources */ = {isa = PBXBuildFile; fileRef = 49BB61CF1C693C6D00074703 /* README.md */; };
/* End PBXBuildFile section */

/* Begin PBXFileReference section */
		49BB61B51C69358100074703 /* ViewBasedTableView.app */ = {isa = PBXFileReference; explicitFileType = wrapper.application; includeInIndex = 0; path = ViewBasedTableView.app; sourceTree = BUILT_PRODUCTS_DIR; };
		49BB61B81C69358100074703 /* AppDelegate.swift */ = {isa = PBXFileReference; lastKnownFileType = sourcecode.swift; path = AppDelegate.swift; sourceTree = "<group>"; };
		49BB61BA1C69358100074703 /* ViewController.swift */ = {isa = PBXFileReference; lastKnownFileType = sourcecode.swift; path = ViewController.swift; sourceTree = "<group>"; };
		49BB61BC1C69358100074703 /* Assets.xcassets */ = {isa = PBXFileReference; lastKnownFileType = folder.assetcatalog; path = Assets.xcassets; sourceTree = "<group>"; };
		49BB61BF1C69358100074703 /* Base */ = {isa = PBXFileReference; lastKnownFileType = file.storyboard; name = Base; path = Base.lproj/Main.storyboard; sourceTree = "<group>"; };
		49BB61C11C69358100074703 /* Info.plist */ = {isa = PBXFileReference; lastKnownFileType = text.plist.xml; path = Info.plist; sourceTree = "<group>"; };
		49BB61CB1C69372600074703 /* CustomCellView.xib */ = {isa = PBXFileReference; fileEncoding = 4; lastKnownFileType = file.xib; path = CustomCellView.xib; sourceTree = "<group>"; };
		49BB61CD1C6938C900074703 /* CustomCellView.swift */ = {isa = PBXFileReference; fileEncoding = 4; lastKnownFileType = sourcecode.swift; path = CustomCellView.swift; sourceTree = "<group>"; };
		49BB61CF1C693C6D00074703 /* README.md */ = {isa = PBXFileReference; fileEncoding = 4; lastKnownFileType = net.daringfireball.markdown; path = README.md; sourceTree = "<group>"; };
/* End PBXFileReference section */

/* Begin PBXFrameworksBuildPhase section */
		49BB61B21C69358100074703 /* Frameworks */ = {
			isa = PBXFrameworksBuildPhase;
			buildActionMask = 2147483647;
			files = (
			);
			runOnlyForDeploymentPostprocessing = 0;
		};
/* End PBXFrameworksBuildPhase section */

/* Begin PBXGroup section */
		49BB61AC1C69358100074703 = {
			isa = PBXGroup;
			children = (
				49BB61CF1C693C6D00074703 /* README.md */,
				49BB61B71C69358100074703 /* ViewBasedTableView */,
				49BB61B61C69358100074703 /* Products */,
			);
			sourceTree = "<group>";
		};
		49BB61B61C69358100074703 /* Products */ = {
			isa = PBXGroup;
			children = (
				49BB61B51C69358100074703 /* ViewBasedTableView.app */,
			);
			name = Products;
			sourceTree = "<group>";
		};
		49BB61B71C69358100074703 /* ViewBasedTableView */ = {
			isa = PBXGroup;
			children = (
				49BB61B81C69358100074703 /* AppDelegate.swift */,
				49BB61BA1C69358100074703 /* ViewController.swift */,
				49BB61BC1C69358100074703 /* Assets.xcassets */,
				49BB61BE1C69358100074703 /* Main.storyboard */,
				49BB61C11C69358100074703 /* Info.plist */,
				49BB61CB1C69372600074703 /* CustomCellView.xib */,
				49BB61CD1C6938C900074703 /* CustomCellView.swift */,
			);
			path = ViewBasedTableView;
			sourceTree = "<group>";
		};
/* End PBXGroup section */

/* Begin PBXNativeTarget section */
		49BB61B41C69358100074703 /* ViewBasedTableView */ = {
			isa = PBXNativeTarget;
			buildConfigurationList = 49BB61C41C69358100074703 /* Build configuration list for PBXNativeTarget "ViewBasedTableView" */;
			buildPhases = (
				49BB61B11C69358100074703 /* Sources */,
				49BB61B21C69358100074703 /* Frameworks */,
				49BB61B31C69358100074703 /* Resources */,
			);
			buildRules = (
			);
			dependencies = (
			);
			name = ViewBasedTableView;
			productName = ViewBasedTableView;
			productReference = 49BB61B51C69358100074703 /* ViewBasedTableView.app */;
			productType = "com.apple.product-type.application";
		};
/* End PBXNativeTarget section */

/* Begin PBXProject section */
		49BB61AD1C69358100074703 /* Project object */ = {
			isa = PBXProject;
			attributes = {
				LastSwiftUpdateCheck = 0720;
				LastUpgradeCheck = 0720;
				ORGANIZATIONNAME = "Bas van der Hoek";
				TargetAttributes = {
					49BB61B41C69358100074703 = {
						CreatedOnToolsVersion = 7.2.1;
					};
				};
			};
			buildConfigurationList = 49BB61B01C69358100074703 /* Build configuration list for PBXProject "ViewBasedTableView" */;
			compatibilityVersion = "Xcode 3.2";
			developmentRegion = English;
			hasScannedForEncodings = 0;
			knownRegions = (
				en,
				Base,
			);
			mainGroup = 49BB61AC1C69358100074703;
			productRefGroup = 49BB61B61C69358100074703 /* Products */;
			projectDirPath = "";
			projectRoot = "";
			targets = (
				49BB61B41C69358100074703 /* ViewBasedTableView */,
			);
		};
/* End PBXProject section */

/* Begin PBXResourcesBuildPhase section */
		49BB61B31C69358100074703 /* Resources */ = {
			isa = PBXResourcesBuildPhase;
			buildActionMask = 2147483647;
			files = (
				49BB61BD1C69358100074703 /* Assets.xcassets in Resources */,
				49BB61C01C69358100074703 /* Main.storyboard in Resources */,
				49BB61CC1C69372600074703 /* CustomCellView.xib in Resources */,
			);
			runOnlyForDeploymentPostprocessing = 0;
		};
/* End PBXResourcesBuildPhase section */

/* Begin PBXSourcesBuildPhase section */
		49BB61B11C69358100074703 /* Sources */ = {
			isa = PBXSourcesBuildPhase;
			buildActionMask = 2147483647;
			files = (
				49BB61BB1C69358100074703 /* ViewController.swift in Sources */,
				49BB61CE1C6938C900074703 /* CustomCellView.swift in Sources */,
				49BB61D01C693C6D00074703 /* README.md in Sources */,
				49BB61B91C69358100074703 /* AppDelegate.swift in Sources */,
			);
			runOnlyForDeploymentPostprocessing = 0;
		};
/* End PBXSourcesBuildPhase section */

/* Begin PBXVariantGroup section */
		49BB61BE1C69358100074703 /* Main.storyboard */ = {
			isa = PBXVariantGroup;
			children = (
				49BB61BF1C69358100074703 /* Base */,
			);
			name = Main.storyboard;
			sourceTree = "<group>";
		};
/* End PBXVariantGroup section */

/* Begin XCBuildConfiguration section */
		49BB61C21C69358100074703 /* Debug */ = {
			isa = XCBuildConfiguration;
			buildSettings = {
				ALWAYS_SEARCH_USER_PATHS = NO;
				CLANG_CXX_LANGUAGE_STANDARD = "gnu++0x";
				CLANG_CXX_LIBRARY = "libc++";
				CLANG_ENABLE_MODULES = YES;
				CLANG_ENABLE_OBJC_ARC = YES;
				CLANG_WARN_BOOL_CONVERSION = YES;
				CLANG_WARN_CONSTANT_CONVERSION = YES;
				CLANG_WARN_DIRECT_OBJC_ISA_USAGE = YES_ERROR;
				CLANG_WARN_EMPTY_BODY = YES;
				CLANG_WARN_ENUM_CONVERSION = YES;
				CLANG_WARN_INT_CONVERSION = YES;
				CLANG_WARN_OBJC_ROOT_CLASS = YES_ERROR;
				CLANG_WARN_UNREACHABLE_CODE = YES;
				CLANG_WARN__DUPLICATE_METHOD_MATCH = YES;
				CODE_SIGN_IDENTITY = "-";
				COPY_PHASE_STRIP = NO;
				DEBUG_INFORMATION_FORMAT = dwarf;
				ENABLE_STRICT_OBJC_MSGSEND = YES;
				ENABLE_TESTABILITY = YES;
				GCC_C_LANGUAGE_STANDARD = gnu99;
				GCC_DYNAMIC_NO_PIC = NO;
				GCC_NO_COMMON_BLOCKS = YES;
				GCC_OPTIMIZATION_LEVEL = 0;
				GCC_PREPROCESSOR_DEFINITIONS = (
					"DEBUG=1",
					"$(inherited)",
				);
				GCC_WARN_64_TO_32_BIT_CONVERSION = YES;
				GCC_WARN_ABOUT_RETURN_TYPE = YES_ERROR;
				GCC_WARN_UNDECLARED_SELECTOR = YES;
				GCC_WARN_UNINITIALIZED_AUTOS = YES_AGGRESSIVE;
				GCC_WARN_UNUSED_FUNCTION = YES;
				GCC_WARN_UNUSED_VARIABLE = YES;
				MACOSX_DEPLOYMENT_TARGET = 10.11;
				MTL_ENABLE_DEBUG_INFO = YES;
				ONLY_ACTIVE_ARCH = YES;
				SDKROOT = macosx;
				SWIFT_OPTIMIZATION_LEVEL = "-Onone";
			};
			name = Debug;
		};
		49BB61C31C69358100074703 /* Release */ = {
			isa = XCBuildConfiguration;
			buildSettings = {
				ALWAYS_SEARCH_USER_PATHS = NO;
				CLANG_CXX_LANGUAGE_STANDARD = "gnu++0x";
				CLANG_CXX_LIBRARY = "libc++";
				CLANG_ENABLE_MODULES = YES;
				CLANG_ENABLE_OBJC_ARC = YES;
				CLANG_WARN_BOOL_CONVERSION = YES;
				CLANG_WARN_CONSTANT_CONVERSION = YES;
				CLANG_WARN_DIRECT_OBJC_ISA_USAGE = YES_ERROR;
				CLANG_WARN_EMPTY_BODY = YES;
				CLANG_WARN_ENUM_CONVERSION = YES;
				CLANG_WARN_INT_CONVERSION = YES;
				CLANG_WARN_OBJC_ROOT_CLASS = YES_ERROR;
				CLANG_WARN_UNREACHABLE_CODE = YES;
				CLANG_WARN__DUPLICATE_METHOD_MATCH = YES;
				CODE_SIGN_IDENTITY = "-";
				COPY_PHASE_STRIP = NO;
				DEBUG_INFORMATION_FORMAT = "dwarf-with-dsym";
				ENABLE_NS_ASSERTIONS = NO;
				ENABLE_STRICT_OBJC_MSGSEND = YES;
				GCC_C_LANGUAGE_STANDARD = gnu99;
				GCC_NO_COMMON_BLOCKS = YES;
				GCC_WARN_64_TO_32_BIT_CONVERSION = YES;
				GCC_WARN_ABOUT_RETURN_TYPE = YES_ERROR;
				GCC_WARN_UNDECLARED_SELECTOR = YES;
				GCC_WARN_UNINITIALIZED_AUTOS = YES_AGGRESSIVE;
				GCC_WARN_UNUSED_FUNCTION = YES;
				GCC_WARN_UNUSED_VARIABLE = YES;
				MACOSX_DEPLOYMENT_TARGET = 10.11;
				MTL_ENABLE_DEBUG_INFO = NO;
				SDKROOT = macosx;
			};
			name = Release;
		};
		49BB61C51C69358100074703 /* Debug */ = {
			isa = XCBuildConfiguration;
			buildSettings = {
				ASSETCATALOG_COMPILER_APPICON_NAME = AppIcon;
				COMBINE_HIDPI_IMAGES = YES;
				INFOPLIST_FILE = ViewBasedTableView/Info.plist;
				LD_RUNPATH_SEARCH_PATHS = "$(inherited) @executable_path/../Frameworks";
				PRODUCT_BUNDLE_IDENTIFIER = com.hoek.ViewBasedTableView;
				PRODUCT_NAME = "$(TARGET_NAME)";
			};
			name = Debug;
		};
		49BB61C61C69358100074703 /* Release */ = {
			isa = XCBuildConfiguration;
			buildSettings = {
				ASSETCATALOG_COMPILER_APPICON_NAME = AppIcon;
				COMBINE_HIDPI_IMAGES = YES;
				INFOPLIST_FILE = ViewBasedTableView/Info.plist;
				LD_RUNPATH_SEARCH_PATHS = "$(inherited) @executable_path/../Frameworks";
				PRODUCT_BUNDLE_IDENTIFIER = com.hoek.ViewBasedTableView;
				PRODUCT_NAME = "$(TARGET_NAME)";
			};
			name = Release;
		};
/* End XCBuildConfiguration section */

/* Begin XCConfigurationList section */
		49BB61B01C69358100074703 /* Build configuration list for PBXProject "ViewBasedTableView" */ = {
			isa = XCConfigurationList;
			buildConfigurations = (
				49BB61C21C69358100074703 /* Debug */,
				49BB61C31C69358100074703 /* Release */,
			);
			defaultConfigurationIsVisible = 0;
			defaultConfigurationName = Release;
		};
		49BB61C41C69358100074703 /* Build configuration list for PBXNativeTarget "ViewBasedTableView" */ = {
			isa = XCConfigurationList;
			buildConfigurations = (
				49BB61C51C69358100074703 /* Debug */,
				49BB61C61C69358100074703 /* Release */,
			);
			defaultConfigurationIsVisible = 0;
		};
/* End XCConfigurationList section */
	};
	rootObject = 49BB61AD1C69358100074703 /* Project object */;
}
